
Microsoft Visual Studio Solution File, Format Version 12.00
# Visual Studio Version 16
VisualStudioVersion = 16.0.29709.97
MinimumVisualStudioVersion = 10.0.40219.1
Project("{8BC9CEB8-8B4A-11D0-8D11-00A0C91BC942}") = "Singly Linked List", "Singly Linked List\Singly Linked List.vcxproj", "{BAF12348-5750-40BA-B760-1797749644EC}"
EndProject
Global
	GlobalSection(SolutionConfigurationPlatforms) = preSolution
		Debug|x64 = Debug|x64
		Debug|x86 = Debug|x86
		Release|x64 = Release|x64
		Release|x86 = Release|x86
	EndGlobalSection
	GlobalSection(ProjectConfigurationPlatforms) = postSolution
		{BAF12348-5750-40BA-B760-1797749644EC}.Debug|x64.ActiveCfg = Debug|x64
		{BAF12348-5750-40BA-B760-1797749644EC}.Debug|x64.Build.0 = Debug|x64
		{BAF12348-5750-40BA-B760-1797749644EC}.Debug|x86.ActiveCfg = Debug|Win32
		{BAF12348-5750-40BA-B760-1797749644EC}.Debug|x86.Build.0 = Debug|Win32
		{BAF12348-5750-40BA-B760-1797749644EC}.Release|x64.ActiveCfg = Release|x64
		{BAF12348-5750-40BA-B760-1797749644EC}.Release|x64.Build.0 = Release|x64
		{BAF12348-5750-40BA-B760-1797749644EC}.Release|x86.ActiveCfg = Release|Win32
		{BAF12348-5750-40BA-B760-1797749644EC}.Release|x86.Build.0 = Release|Win32
	EndGlobalSection
	GlobalSection(SolutionProperties) = preSolution
		HideSolutionNode = FALSE
	EndGlobalSection
	GlobalSection(ExtensibilityGlobals) = postSolution
		SolutionGuid = {702DE199-6C5A-4C7A-BAB0-48A4C1CA2872}
	EndGlobalSection
EndGlobal
