
Microsoft Visual Studio Solution File, Format Version 12.00
# Visual Studio Version 16
VisualStudioVersion = 16.0.29709.97
MinimumVisualStudioVersion = 10.0.40219.1
Project("{8BC9CEB8-8B4A-11D0-8D11-00A0C91BC942}") = "Doubly Linked List", "Doubly Linked List\Doubly Linked List.vcxproj", "{1C124F01-19B2-4313-A5DA-47DF86C362DA}"
EndProject
Global
	GlobalSection(SolutionConfigurationPlatforms) = preSolution
		Debug|x64 = Debug|x64
		Debug|x86 = Debug|x86
		Release|x64 = Release|x64
		Release|x86 = Release|x86
	EndGlobalSection
	GlobalSection(ProjectConfigurationPlatforms) = postSolution
		{1C124F01-19B2-4313-A5DA-47DF86C362DA}.Debug|x64.ActiveCfg = Debug|x64
		{1C124F01-19B2-4313-A5DA-47DF86C362DA}.Debug|x64.Build.0 = Debug|x64
		{1C124F01-19B2-4313-A5DA-47DF86C362DA}.Debug|x86.ActiveCfg = Debug|Win32
		{1C124F01-19B2-4313-A5DA-47DF86C362DA}.Debug|x86.Build.0 = Debug|Win32
		{1C124F01-19B2-4313-A5DA-47DF86C362DA}.Release|x64.ActiveCfg = Release|x64
		{1C124F01-19B2-4313-A5DA-47DF86C362DA}.Release|x64.Build.0 = Release|x64
		{1C124F01-19B2-4313-A5DA-47DF86C362DA}.Release|x86.ActiveCfg = Release|Win32
		{1C124F01-19B2-4313-A5DA-47DF86C362DA}.Release|x86.Build.0 = Release|Win32
	EndGlobalSection
	GlobalSection(SolutionProperties) = preSolution
		HideSolutionNode = FALSE
	EndGlobalSection
	GlobalSection(ExtensibilityGlobals) = postSolution
		SolutionGuid = {36F3C04A-F4C1-419A-BFE3-245BA3244938}
	EndGlobalSection
EndGlobal
